
Microsoft Visual Studio Solution File, Format Version 12.00
# Visual Studio Version 16
VisualStudioVersion = 16.0.28803.452
MinimumVisualStudioVersion = 10.0.40219.1
Project("{FAE04EC0-301F-11D3-BF4B-00C04F79EFBC}") = "BibliotecaBritanico", "BibliotecaBritanico.csproj", "{492B5CB3-EB99-4347-B58A-C9969D5D3390}"
EndProject
Project("{FAE04EC0-301F-11D3-BF4B-00C04F79EFBC}") = "DBConnection", "DBConnection\DBConnection.csproj", "{D325CF7E-A691-4829-AFC4-F184583E33E0}"
EndProject
Project("{9A19103F-16F7-4668-BE54-9A1E7A4F7556}") = "APIBritanico", "APIBritanico\APIBritanico.csproj", "{9CF08D7F-8CB7-4A0D-904A-63F34AB2F622}"
EndProject
Project("{FAE04EC0-301F-11D3-BF4B-00C04F79EFBC}") = "BritanicoService", "BritanicoService\BritanicoService.csproj", "{262FA92C-712D-4464-8453-E1F396833DC2}"
EndProject
Project("{54435603-DBB4-11D2-8724-00A0C9A8B90C}") = "BritanicoService.Installer", "BritanicoService.Installer\BritanicoService.Installer.vdproj", "{CE077055-E490-416B-8119-F16A6D8522DE}"
EndProject
Global
	GlobalSection(SolutionConfigurationPlatforms) = preSolution
		Debug|Any CPU = Debug|Any CPU
		Release|Any CPU = Release|Any CPU
	EndGlobalSection
	GlobalSection(ProjectConfigurationPlatforms) = postSolution
		{492B5CB3-EB99-4347-B58A-C9969D5D3390}.Debug|Any CPU.ActiveCfg = Debug|Any CPU
		{492B5CB3-EB99-4347-B58A-C9969D5D3390}.Debug|Any CPU.Build.0 = Debug|Any CPU
		{492B5CB3-EB99-4347-B58A-C9969D5D3390}.Release|Any CPU.ActiveCfg = Release|Any CPU
		{492B5CB3-EB99-4347-B58A-C9969D5D3390}.Release|Any CPU.Build.0 = Release|Any CPU
		{D325CF7E-A691-4829-AFC4-F184583E33E0}.Debug|Any CPU.ActiveCfg = Debug|Any CPU
		{D325CF7E-A691-4829-AFC4-F184583E33E0}.Debug|Any CPU.Build.0 = Debug|Any CPU
		{D325CF7E-A691-4829-AFC4-F184583E33E0}.Release|Any CPU.ActiveCfg = Release|Any CPU
		{D325CF7E-A691-4829-AFC4-F184583E33E0}.Release|Any CPU.Build.0 = Release|Any CPU
		{9CF08D7F-8CB7-4A0D-904A-63F34AB2F622}.Debug|Any CPU.ActiveCfg = Debug|Any CPU
		{9CF08D7F-8CB7-4A0D-904A-63F34AB2F622}.Debug|Any CPU.Build.0 = Debug|Any CPU
		{9CF08D7F-8CB7-4A0D-904A-63F34AB2F622}.Release|Any CPU.ActiveCfg = Release|Any CPU
		{9CF08D7F-8CB7-4A0D-904A-63F34AB2F622}.Release|Any CPU.Build.0 = Release|Any CPU
		{262FA92C-712D-4464-8453-E1F396833DC2}.Debug|Any CPU.ActiveCfg = Debug|Any CPU
		{262FA92C-712D-4464-8453-E1F396833DC2}.Debug|Any CPU.Build.0 = Debug|Any CPU
		{262FA92C-712D-4464-8453-E1F396833DC2}.Release|Any CPU.ActiveCfg = Release|Any CPU
		{262FA92C-712D-4464-8453-E1F396833DC2}.Release|Any CPU.Build.0 = Release|Any CPU
		{CE077055-E490-416B-8119-F16A6D8522DE}.Debug|Any CPU.ActiveCfg = Debug
		{CE077055-E490-416B-8119-F16A6D8522DE}.Release|Any CPU.ActiveCfg = Release
	EndGlobalSection
	GlobalSection(SolutionProperties) = preSolution
		HideSolutionNode = FALSE
	EndGlobalSection
	GlobalSection(ExtensibilityGlobals) = postSolution
		SolutionGuid = {4FA6BBDF-F752-44F9-BD98-0EBF67366870}
	EndGlobalSection
EndGlobal
